
Microsoft Visual Studio Solution File, Format Version 12.00
# Visual Studio 15
VisualStudioVersion = 15.0.27004.2008
MinimumVisualStudioVersion = 10.0.40219.1
Project("{FAE04EC0-301F-11D3-BF4B-00C04F79EFBC}") = "WpfApp1", "WpfApp1\WpfApp1.csproj", "{8F0515EB-0F35-4619-B1B4-5C8BD473ABEC}"
EndProject
Global
	GlobalSection(SolutionConfigurationPlatforms) = preSolution
		Debug|Any CPU = Debug|Any CPU
		Release|Any CPU = Release|Any CPU
	EndGlobalSection
	GlobalSection(ProjectConfigurationPlatforms) = postSolution
		{8F0515EB-0F35-4619-B1B4-5C8BD473ABEC}.Debug|Any CPU.ActiveCfg = Debug|Any CPU
		{8F0515EB-0F35-4619-B1B4-5C8BD473ABEC}.Debug|Any CPU.Build.0 = Debug|Any CPU
		{8F0515EB-0F35-4619-B1B4-5C8BD473ABEC}.Release|Any CPU.ActiveCfg = Release|Any CPU
		{8F0515EB-0F35-4619-B1B4-5C8BD473ABEC}.Release|Any CPU.Build.0 = Release|Any CPU
	EndGlobalSection
	GlobalSection(SolutionProperties) = preSolution
		HideSolutionNode = FALSE
	EndGlobalSection
	GlobalSection(ExtensibilityGlobals) = postSolution
		SolutionGuid = {A86858E2-775C-4978-B0B3-EFEBFF37CED3}
	EndGlobalSection
EndGlobal
